{
  "version": 4,
  "terraform_version": "0.12.20",
  "serial": 1541,
  "lineage": "6716cdb9-1d61-e65c-893a-ef2e0af3463a",
  "outputs": {},
  "resources": [
    {
      "module": "module.key",
      "mode": "data",
      "type": "local_file",
      "name": "provided_public_key",
      "provider": "provider.local",
      "instances": [
        {
          "schema_version": 0,
          "attributes": {
            "content": "ssh-rsa AAAAB3NzaC1yc2EAAAADAQABAAACAQC+qa6VRnQlNWnyjXgJZu+zcc+FamiWQQQulHWs3ZZAY0iJTIqXKVuMHxqGbOcqqc+vbOxRZUGwq78baZj7soGLvPUW5o3Ipc5dIveQ01O4LpFzl8bfzLCkfdpsX6OCiCZ2k4w1TZUbOkQJS6qsFhmuTGSHTFbg7oR1PVnP58xHINnpxL4/uKPhWszcXQlfldpW4Bi8pbnyDUJbMCannJK2ERyrrPVjoE1V5Ajil0jluyKlkCR1t3jba/EaOqy1wYqvjiBtuO5lvOmRMTi7TujCE8c+INGDeHkqKhzZVBhqMQ/wjpAEEe8pyiodRv+5At6NrjgyC9RJtOMmkp3EXhA2kwIgqaRZ1etALCMyMFcp6djuBbtftmLzDPXhcm72+vxutRJxzYUoKIU0T5YogMjXbCDb2bnmRZlUSADKUFoMC7hTAFPU3YIAWNuIFSnL56pw+v4f6FeDrZY8JtZp2loZl8f3qSKCgDWH8LZdLbKC1bS41CTxvntg+i11MQOPvjlECLQGWB7vc8Z49G0ymBOe3y6xVOg5SaE+WxaHI7/Fy1RL+K/UopoSRta1++jF+ZeubSjZKg35U17X4wFJyOkZwLV3Htyk0hly9XBG2kUllrMbKEutv4y8zot8XMI1QsPoFRJkGaP4SCu8r0Jnpn2Ga5IVW8S826gUNxjSy+CcSQ== mike.asnes@gmail.com\n",
            "content_base64": "c3NoLXJzYSBBQUFBQjNOemFDMXljMkVBQUFBREFRQUJBQUFDQVFDK3FhNlZSblFsTldueWpYZ0padSt6Y2MrRmFtaVdRUVF1bEhXczNaWkFZMGlKVElxWEtWdU1IeHFHYk9jcXFjK3ZiT3hSWlVHd3E3OGJhWmo3c29HTHZQVVc1bzNJcGM1ZEl2ZVEwMU80THBGemw4YmZ6TENrZmRwc1g2T0NpQ1oyazR3MVRaVWJPa1FKUzZxc0ZobXVUR1NIVEZiZzdvUjFQVm5QNTh4SElObnB4TDQvdUtQaFdzemNYUWxmbGRwVzRCaThwYm55RFVKYk1DYW5uSksyRVJ5cnJQVmpvRTFWNUFqaWwwamx1eUtsa0NSMXQzamJhL0VhT3F5MXdZcXZqaUJ0dU81bHZPbVJNVGk3VHVqQ0U4YytJTkdEZUhrcUtoelpWQmhxTVEvd2pwQUVFZThweWlvZFJ2KzVBdDZOcmpneUM5Ukp0T01ta3AzRVhoQTJrd0lncWFSWjFldEFMQ015TUZjcDZkanVCYnRmdG1MekRQWGhjbTcyK3Z4dXRSSnh6WVVvS0lVMFQ1WW9nTWpYYkNEYjJibm1SWmxVU0FES1VGb01DN2hUQUZQVTNZSUFXTnVJRlNuTDU2cHcrdjRmNkZlRHJaWThKdFpwMmxvWmw4ZjNxU0tDZ0RXSDhMWmRMYktDMWJTNDFDVHh2bnRnK2kxMU1RT1B2amxFQ0xRR1dCN3ZjOFo0OUcweW1CT2UzeTZ4Vk9nNVNhRStXeGFISTcvRnkxUkwrSy9Vb3BvU1J0YTErK2pGK1pldWJTalpLZzM1VTE3WDR3Rkp5T2tad0xWM0h0eWswaGx5OVhCRzJrVWxsck1iS0V1dHY0eTh6b3Q4WE1JMVFzUG9GUkprR2FQNFNDdThyMEpucG4yR2E1SVZXOFM4MjZnVU54alN5K0NjU1E9PSBtaWtlLmFzbmVzQGdtYWlsLmNvbQo=",
            "filename": "/home/masnes/.ssh/id_rsa.pub",
            "id": "c58a1e1bc8d66d9807273c7294af9a4246be902a"
          }
        }
      ]
    },
    {
      "module": "module.k8s",
      "mode": "managed",
      "type": "aws_eip",
      "name": "k8s_external",
      "provider": "provider.aws",
      "instances": [
        {
          "schema_version": 0,
          "attributes": {
            "allocation_id": null,
            "associate_with_private_ip": null,
            "association_id": "eipassoc-0f89e2e7c2a0b88ac",
            "customer_owned_ip": "",
            "customer_owned_ipv4_pool": "",
            "domain": "vpc",
            "id": "eipalloc-0fad1fb9fca13e1b3",
            "instance": "",
            "network_interface": "eni-051d345a447f0c7f1",
            "private_dns": "ip-10-240-0-151.us-west-2.compute.internal",
            "private_ip": "10.240.0.151",
            "public_dns": "ec2-35-82-149-166.us-west-2.compute.amazonaws.com",
            "public_ip": "35.82.149.166",
            "public_ipv4_pool": "amazon",
            "tags": {},
            "timeouts": null,
            "vpc": true
          },
          "private": "eyJlMmJmYjczMC1lY2FhLTExZTYtOGY4OC0zNDM2M2JjN2M0YzAiOnsiZGVsZXRlIjoxODAwMDAwMDAwMDAsInJlYWQiOjkwMDAwMDAwMDAwMCwidXBkYXRlIjozMDAwMDAwMDAwMDB9fQ=="
        }
      ]
    },
    {
      "module": "module.k8s",
      "mode": "managed",
      "type": "aws_instance",
      "name": "controller",
      "each": "list",
      "provider": "provider.aws",
      "instances": [
        {
          "index_key": 0,
          "schema_version": 1,
          "attributes": {
            "ami": "ami-032ed93ef3b2a867c",
            "arn": "arn:aws:ec2:us-west-2:777829610915:instance/i-0721d1a23b1ffba01",
            "associate_public_ip_address": true,
            "availability_zone": "us-west-2b",
            "cpu_core_count": 2,
            "cpu_threads_per_core": 1,
            "credit_specification": [
              {
                "cpu_credits": "standard"
              }
            ],
            "disable_api_termination": false,
            "ebs_block_device": [],
            "ebs_optimized": false,
            "ephemeral_block_device": [],
            "get_password_data": false,
            "hibernation": false,
            "host_id": null,
            "iam_instance_profile": "",
            "id": "i-0721d1a23b1ffba01",
            "instance_initiated_shutdown_behavior": null,
            "instance_state": "running",
            "instance_type": "t2.medium",
            "ipv6_address_count": 0,
            "ipv6_addresses": [],
            "key_name": "k8s_playground_provided_key",
            "metadata_options": [
              {
                "http_endpoint": "enabled",
                "http_put_response_hop_limit": 1,
                "http_tokens": "optional"
              }
            ],
            "monitoring": false,
            "network_interface": [],
            "outpost_arn": "",
            "password_data": "",
            "placement_group": "",
            "primary_network_interface_id": "eni-073cc2937e7a3a50f",
            "private_dns": "ip-10-240-0-10.us-west-2.compute.internal",
            "private_ip": "10.240.0.10",
            "public_dns": "ec2-52-11-32-11.us-west-2.compute.amazonaws.com",
            "public_ip": "52.11.32.11",
            "root_block_device": [
              {
                "delete_on_termination": true,
                "device_name": "/dev/sda1",
                "encrypted": false,
                "iops": 600,
                "kms_key_id": "",
                "volume_id": "vol-083fe750c5272630e",
                "volume_size": 200,
                "volume_type": "gp2"
              }
            ],
            "secondary_private_ips": [],
            "security_groups": [],
            "source_dest_check": false,
            "subnet_id": "subnet-0e98e4822c5458bbd",
            "tags": {
              "controller": "true",
              "kubernetes-the-hard-way": "true",
              "name": "controller0",
              "type": "controller"
            },
            "tenancy": "default",
            "timeouts": null,
            "user_data": null,
            "user_data_base64": null,
            "volume_tags": {},
            "vpc_security_group_ids": [
              "sg-02bac5f13eb2da639"
            ]
          },
          "private": "eyJlMmJmYjczMC1lY2FhLTExZTYtOGY4OC0zNDM2M2JjN2M0YzAiOnsiY3JlYXRlIjo2MDAwMDAwMDAwMDAsImRlbGV0ZSI6MTIwMDAwMDAwMDAwMCwidXBkYXRlIjo2MDAwMDAwMDAwMDB9LCJzY2hlbWFfdmVyc2lvbiI6IjEifQ==",
          "dependencies": [
            "module.k8s.aws_security_group.k8s",
            "module.k8s.aws_subnet.k8s",
            "module.k8s.aws_vpc.k8s",
            "module.key.aws_key_pair.k8s_user_provided_key"
          ]
        },
        {
          "index_key": 1,
          "schema_version": 1,
          "attributes": {
            "ami": "ami-032ed93ef3b2a867c",
            "arn": "arn:aws:ec2:us-west-2:777829610915:instance/i-048d579dcd63162fe",
            "associate_public_ip_address": true,
            "availability_zone": "us-west-2b",
            "cpu_core_count": 2,
            "cpu_threads_per_core": 1,
            "credit_specification": [
              {
                "cpu_credits": "standard"
              }
            ],
            "disable_api_termination": false,
            "ebs_block_device": [],
            "ebs_optimized": false,
            "ephemeral_block_device": [],
            "get_password_data": false,
            "hibernation": false,
            "host_id": null,
            "iam_instance_profile": "",
            "id": "i-048d579dcd63162fe",
            "instance_initiated_shutdown_behavior": null,
            "instance_state": "running",
            "instance_type": "t2.medium",
            "ipv6_address_count": 0,
            "ipv6_addresses": [],
            "key_name": "k8s_playground_provided_key",
            "metadata_options": [
              {
                "http_endpoint": "enabled",
                "http_put_response_hop_limit": 1,
                "http_tokens": "optional"
              }
            ],
            "monitoring": false,
            "network_interface": [],
            "outpost_arn": "",
            "password_data": "",
            "placement_group": "",
            "primary_network_interface_id": "eni-02d900266e6c89319",
            "private_dns": "ip-10-240-0-11.us-west-2.compute.internal",
            "private_ip": "10.240.0.11",
            "public_dns": "ec2-34-222-112-229.us-west-2.compute.amazonaws.com",
            "public_ip": "34.222.112.229",
            "root_block_device": [
              {
                "delete_on_termination": true,
                "device_name": "/dev/sda1",
                "encrypted": false,
                "iops": 600,
                "kms_key_id": "",
                "volume_id": "vol-0a3bdb438e1a4d1e0",
                "volume_size": 200,
                "volume_type": "gp2"
              }
            ],
            "secondary_private_ips": [],
            "security_groups": [],
            "source_dest_check": false,
            "subnet_id": "subnet-0e98e4822c5458bbd",
            "tags": {
              "controller": "true",
              "kubernetes-the-hard-way": "true",
              "name": "controller1",
              "type": "controller"
            },
            "tenancy": "default",
            "timeouts": null,
            "user_data": null,
            "user_data_base64": null,
            "volume_tags": {},
            "vpc_security_group_ids": [
              "sg-02bac5f13eb2da639"
            ]
          },
          "private": "eyJlMmJmYjczMC1lY2FhLTExZTYtOGY4OC0zNDM2M2JjN2M0YzAiOnsiY3JlYXRlIjo2MDAwMDAwMDAwMDAsImRlbGV0ZSI6MTIwMDAwMDAwMDAwMCwidXBkYXRlIjo2MDAwMDAwMDAwMDB9LCJzY2hlbWFfdmVyc2lvbiI6IjEifQ==",
          "dependencies": [
            "module.k8s.aws_security_group.k8s",
            "module.k8s.aws_subnet.k8s",
            "module.k8s.aws_vpc.k8s",
            "module.key.aws_key_pair.k8s_user_provided_key"
          ]
        },
        {
          "index_key": 2,
          "schema_version": 1,
          "attributes": {
            "ami": "ami-032ed93ef3b2a867c",
            "arn": "arn:aws:ec2:us-west-2:777829610915:instance/i-0a0d8947efce88c2c",
            "associate_public_ip_address": true,
            "availability_zone": "us-west-2b",
            "cpu_core_count": 2,
            "cpu_threads_per_core": 1,
            "credit_specification": [
              {
                "cpu_credits": "standard"
              }
            ],
            "disable_api_termination": false,
            "ebs_block_device": [],
            "ebs_optimized": false,
            "ephemeral_block_device": [],
            "get_password_data": false,
            "hibernation": false,
            "host_id": null,
            "iam_instance_profile": "",
            "id": "i-0a0d8947efce88c2c",
            "instance_initiated_shutdown_behavior": null,
            "instance_state": "running",
            "instance_type": "t2.medium",
            "ipv6_address_count": 0,
            "ipv6_addresses": [],
            "key_name": "k8s_playground_provided_key",
            "metadata_options": [
              {
                "http_endpoint": "enabled",
                "http_put_response_hop_limit": 1,
                "http_tokens": "optional"
              }
            ],
            "monitoring": false,
            "network_interface": [],
            "outpost_arn": "",
            "password_data": "",
            "placement_group": "",
            "primary_network_interface_id": "eni-0b70bf6acd7ed7537",
            "private_dns": "ip-10-240-0-12.us-west-2.compute.internal",
            "private_ip": "10.240.0.12",
            "public_dns": "ec2-54-202-30-166.us-west-2.compute.amazonaws.com",
            "public_ip": "54.202.30.166",
            "root_block_device": [
              {
                "delete_on_termination": true,
                "device_name": "/dev/sda1",
                "encrypted": false,
                "iops": 600,
                "kms_key_id": "",
                "volume_id": "vol-0dc696b1ca9aa73a4",
                "volume_size": 200,
                "volume_type": "gp2"
              }
            ],
            "secondary_private_ips": [],
            "security_groups": [],
            "source_dest_check": false,
            "subnet_id": "subnet-0e98e4822c5458bbd",
            "tags": {
              "controller": "true",
              "kubernetes-the-hard-way": "true",
              "name": "controller2",
              "type": "controller"
            },
            "tenancy": "default",
            "timeouts": null,
            "user_data": null,
            "user_data_base64": null,
            "volume_tags": {},
            "vpc_security_group_ids": [
              "sg-02bac5f13eb2da639"
            ]
          },
          "private": "eyJlMmJmYjczMC1lY2FhLTExZTYtOGY4OC0zNDM2M2JjN2M0YzAiOnsiY3JlYXRlIjo2MDAwMDAwMDAwMDAsImRlbGV0ZSI6MTIwMDAwMDAwMDAwMCwidXBkYXRlIjo2MDAwMDAwMDAwMDB9LCJzY2hlbWFfdmVyc2lvbiI6IjEifQ==",
          "dependencies": [
            "module.k8s.aws_security_group.k8s",
            "module.k8s.aws_subnet.k8s",
            "module.k8s.aws_vpc.k8s",
            "module.key.aws_key_pair.k8s_user_provided_key"
          ]
        }
      ]
    },
    {
      "module": "module.k8s",
      "mode": "managed",
      "type": "aws_instance",
      "name": "worker",
      "each": "list",
      "provider": "provider.aws",
      "instances": [
        {
          "index_key": 0,
          "schema_version": 1,
          "attributes": {
            "ami": "ami-032ed93ef3b2a867c",
            "arn": "arn:aws:ec2:us-west-2:777829610915:instance/i-0fc515d54ccb75990",
            "associate_public_ip_address": true,
            "availability_zone": "us-west-2b",
            "cpu_core_count": 1,
            "cpu_threads_per_core": 1,
            "credit_specification": [
              {
                "cpu_credits": "standard"
              }
            ],
            "disable_api_termination": false,
            "ebs_block_device": [],
            "ebs_optimized": false,
            "ephemeral_block_device": [],
            "get_password_data": false,
            "hibernation": false,
            "host_id": null,
            "iam_instance_profile": "",
            "id": "i-0fc515d54ccb75990",
            "instance_initiated_shutdown_behavior": null,
            "instance_state": "running",
            "instance_type": "t2.nano",
            "ipv6_address_count": 0,
            "ipv6_addresses": [],
            "key_name": "k8s_playground_provided_key",
            "metadata_options": [
              {
                "http_endpoint": "enabled",
                "http_put_response_hop_limit": 1,
                "http_tokens": "optional"
              }
            ],
            "monitoring": false,
            "network_interface": [],
            "outpost_arn": "",
            "password_data": "",
            "placement_group": "",
            "primary_network_interface_id": "eni-0fc27ba820c96ee50",
            "private_dns": "ip-10-240-0-20.us-west-2.compute.internal",
            "private_ip": "10.240.0.20",
            "public_dns": "ec2-54-245-9-181.us-west-2.compute.amazonaws.com",
            "public_ip": "54.245.9.181",
            "root_block_device": [
              {
                "delete_on_termination": true,
                "device_name": "/dev/sda1",
                "encrypted": false,
                "iops": 600,
                "kms_key_id": "",
                "volume_id": "vol-0cf2f2b02c62e8408",
                "volume_size": 200,
                "volume_type": "gp2"
              }
            ],
            "secondary_private_ips": [],
            "security_groups": [],
            "source_dest_check": false,
            "subnet_id": "subnet-0e98e4822c5458bbd",
            "tags": {
              "kubernetes-the-hard-way": "true",
              "name": "worker0",
              "pod_cidr": "10.200.0.0/24",
              "type": "worker",
              "worker": "true"
            },
            "tenancy": "default",
            "timeouts": null,
            "user_data": null,
            "user_data_base64": null,
            "volume_tags": {},
            "vpc_security_group_ids": [
              "sg-02bac5f13eb2da639"
            ]
          },
          "private": "eyJlMmJmYjczMC1lY2FhLTExZTYtOGY4OC0zNDM2M2JjN2M0YzAiOnsiY3JlYXRlIjo2MDAwMDAwMDAwMDAsImRlbGV0ZSI6MTIwMDAwMDAwMDAwMCwidXBkYXRlIjo2MDAwMDAwMDAwMDB9LCJzY2hlbWFfdmVyc2lvbiI6IjEifQ==",
          "dependencies": [
            "module.k8s.aws_security_group.k8s",
            "module.k8s.aws_subnet.k8s",
            "module.k8s.aws_vpc.k8s",
            "module.key.aws_key_pair.k8s_user_provided_key"
          ]
        },
        {
          "index_key": 1,
          "schema_version": 1,
          "attributes": {
            "ami": "ami-032ed93ef3b2a867c",
            "arn": "arn:aws:ec2:us-west-2:777829610915:instance/i-05d01fc17c977af27",
            "associate_public_ip_address": true,
            "availability_zone": "us-west-2b",
            "cpu_core_count": 1,
            "cpu_threads_per_core": 1,
            "credit_specification": [
              {
                "cpu_credits": "standard"
              }
            ],
            "disable_api_termination": false,
            "ebs_block_device": [],
            "ebs_optimized": false,
            "ephemeral_block_device": [],
            "get_password_data": false,
            "hibernation": false,
            "host_id": null,
            "iam_instance_profile": "",
            "id": "i-05d01fc17c977af27",
            "instance_initiated_shutdown_behavior": null,
            "instance_state": "running",
            "instance_type": "t2.nano",
            "ipv6_address_count": 0,
            "ipv6_addresses": [],
            "key_name": "k8s_playground_provided_key",
            "metadata_options": [
              {
                "http_endpoint": "enabled",
                "http_put_response_hop_limit": 1,
                "http_tokens": "optional"
              }
            ],
            "monitoring": false,
            "network_interface": [],
            "outpost_arn": "",
            "password_data": "",
            "placement_group": "",
            "primary_network_interface_id": "eni-0c828a6acb95703ff",
            "private_dns": "ip-10-240-0-21.us-west-2.compute.internal",
            "private_ip": "10.240.0.21",
            "public_dns": "ec2-54-71-199-94.us-west-2.compute.amazonaws.com",
            "public_ip": "54.71.199.94",
            "root_block_device": [
              {
                "delete_on_termination": true,
                "device_name": "/dev/sda1",
                "encrypted": false,
                "iops": 600,
                "kms_key_id": "",
                "volume_id": "vol-0b9655fb5ba0d96ea",
                "volume_size": 200,
                "volume_type": "gp2"
              }
            ],
            "secondary_private_ips": [],
            "security_groups": [],
            "source_dest_check": false,
            "subnet_id": "subnet-0e98e4822c5458bbd",
            "tags": {
              "kubernetes-the-hard-way": "true",
              "name": "worker1",
              "pod_cidr": "10.200.1.0/24",
              "type": "worker",
              "worker": "true"
            },
            "tenancy": "default",
            "timeouts": null,
            "user_data": null,
            "user_data_base64": null,
            "volume_tags": {},
            "vpc_security_group_ids": [
              "sg-02bac5f13eb2da639"
            ]
          },
          "private": "eyJlMmJmYjczMC1lY2FhLTExZTYtOGY4OC0zNDM2M2JjN2M0YzAiOnsiY3JlYXRlIjo2MDAwMDAwMDAwMDAsImRlbGV0ZSI6MTIwMDAwMDAwMDAwMCwidXBkYXRlIjo2MDAwMDAwMDAwMDB9LCJzY2hlbWFfdmVyc2lvbiI6IjEifQ==",
          "dependencies": [
            "module.k8s.aws_security_group.k8s",
            "module.k8s.aws_subnet.k8s",
            "module.k8s.aws_vpc.k8s",
            "module.key.aws_key_pair.k8s_user_provided_key"
          ]
        },
        {
          "index_key": 2,
          "schema_version": 1,
          "attributes": {
            "ami": "ami-032ed93ef3b2a867c",
            "arn": "arn:aws:ec2:us-west-2:777829610915:instance/i-0eb28e753eacc0b25",
            "associate_public_ip_address": true,
            "availability_zone": "us-west-2b",
            "cpu_core_count": 1,
            "cpu_threads_per_core": 1,
            "credit_specification": [
              {
                "cpu_credits": "standard"
              }
            ],
            "disable_api_termination": false,
            "ebs_block_device": [],
            "ebs_optimized": false,
            "ephemeral_block_device": [],
            "get_password_data": false,
            "hibernation": false,
            "host_id": null,
            "iam_instance_profile": "",
            "id": "i-0eb28e753eacc0b25",
            "instance_initiated_shutdown_behavior": null,
            "instance_state": "running",
            "instance_type": "t2.nano",
            "ipv6_address_count": 0,
            "ipv6_addresses": [],
            "key_name": "k8s_playground_provided_key",
            "metadata_options": [
              {
                "http_endpoint": "enabled",
                "http_put_response_hop_limit": 1,
                "http_tokens": "optional"
              }
            ],
            "monitoring": false,
            "network_interface": [],
            "outpost_arn": "",
            "password_data": "",
            "placement_group": "",
            "primary_network_interface_id": "eni-0f7de30f6a2c13f2f",
            "private_dns": "ip-10-240-0-22.us-west-2.compute.internal",
            "private_ip": "10.240.0.22",
            "public_dns": "ec2-52-12-110-138.us-west-2.compute.amazonaws.com",
            "public_ip": "52.12.110.138",
            "root_block_device": [
              {
                "delete_on_termination": true,
                "device_name": "/dev/sda1",
                "encrypted": false,
                "iops": 600,
                "kms_key_id": "",
                "volume_id": "vol-0301e46717b0bfe24",
                "volume_size": 200,
                "volume_type": "gp2"
              }
            ],
            "secondary_private_ips": [],
            "security_groups": [],
            "source_dest_check": false,
            "subnet_id": "subnet-0e98e4822c5458bbd",
            "tags": {
              "kubernetes-the-hard-way": "true",
              "name": "worker2",
              "pod_cidr": "10.200.2.0/24",
              "type": "worker",
              "worker": "true"
            },
            "tenancy": "default",
            "timeouts": null,
            "user_data": null,
            "user_data_base64": null,
            "volume_tags": {},
            "vpc_security_group_ids": [
              "sg-02bac5f13eb2da639"
            ]
          },
          "private": "eyJlMmJmYjczMC1lY2FhLTExZTYtOGY4OC0zNDM2M2JjN2M0YzAiOnsiY3JlYXRlIjo2MDAwMDAwMDAwMDAsImRlbGV0ZSI6MTIwMDAwMDAwMDAwMCwidXBkYXRlIjo2MDAwMDAwMDAwMDB9LCJzY2hlbWFfdmVyc2lvbiI6IjEifQ==",
          "dependencies": [
            "module.k8s.aws_security_group.k8s",
            "module.k8s.aws_subnet.k8s",
            "module.k8s.aws_vpc.k8s",
            "module.key.aws_key_pair.k8s_user_provided_key"
          ]
        }
      ]
    },
    {
      "module": "module.k8s",
      "mode": "managed",
      "type": "aws_internet_gateway",
      "name": "k8s",
      "provider": "provider.aws",
      "instances": [
        {
          "schema_version": 0,
          "attributes": {
            "arn": "arn:aws:ec2:us-west-2:777829610915:internet-gateway/igw-0c851e300c9cb792a",
            "id": "igw-0c851e300c9cb792a",
            "owner_id": "777829610915",
            "tags": {
              "Name": "k8s"
            },
            "vpc_id": "vpc-0f78cf8de0095822c"
          },
          "private": "bnVsbA==",
          "dependencies": [
            "module.k8s.aws_vpc.k8s"
          ]
        }
      ]
    },
    {
      "module": "module.key",
      "mode": "managed",
      "type": "aws_key_pair",
      "name": "k8s_user_provided_key",
      "provider": "provider.aws",
      "instances": [
        {
          "schema_version": 1,
          "attributes": {
            "arn": "arn:aws:ec2:us-west-2:777829610915:key-pair/k8s_playground_provided_key",
            "fingerprint": "c0:09:e3:dc:cb:3e:7f:fa:df:d2:29:64:ce:07:c8:f1",
            "id": "k8s_playground_provided_key",
            "key_name": "k8s_playground_provided_key",
            "key_name_prefix": null,
            "key_pair_id": "key-0923f488a42507b6d",
            "public_key": "ssh-rsa AAAAB3NzaC1yc2EAAAADAQABAAACAQC+qa6VRnQlNWnyjXgJZu+zcc+FamiWQQQulHWs3ZZAY0iJTIqXKVuMHxqGbOcqqc+vbOxRZUGwq78baZj7soGLvPUW5o3Ipc5dIveQ01O4LpFzl8bfzLCkfdpsX6OCiCZ2k4w1TZUbOkQJS6qsFhmuTGSHTFbg7oR1PVnP58xHINnpxL4/uKPhWszcXQlfldpW4Bi8pbnyDUJbMCannJK2ERyrrPVjoE1V5Ajil0jluyKlkCR1t3jba/EaOqy1wYqvjiBtuO5lvOmRMTi7TujCE8c+INGDeHkqKhzZVBhqMQ/wjpAEEe8pyiodRv+5At6NrjgyC9RJtOMmkp3EXhA2kwIgqaRZ1etALCMyMFcp6djuBbtftmLzDPXhcm72+vxutRJxzYUoKIU0T5YogMjXbCDb2bnmRZlUSADKUFoMC7hTAFPU3YIAWNuIFSnL56pw+v4f6FeDrZY8JtZp2loZl8f3qSKCgDWH8LZdLbKC1bS41CTxvntg+i11MQOPvjlECLQGWB7vc8Z49G0ymBOe3y6xVOg5SaE+WxaHI7/Fy1RL+K/UopoSRta1++jF+ZeubSjZKg35U17X4wFJyOkZwLV3Htyk0hly9XBG2kUllrMbKEutv4y8zot8XMI1QsPoFRJkGaP4SCu8r0Jnpn2Ga5IVW8S826gUNxjSy+CcSQ== mike.asnes@gmail.com",
            "tags": {}
          },
          "private": "eyJzY2hlbWFfdmVyc2lvbiI6IjEifQ=="
        }
      ]
    },
    {
      "module": "module.k8s",
      "mode": "managed",
      "type": "aws_lb",
      "name": "k8s",
      "provider": "provider.aws",
      "instances": [
        {
          "schema_version": 0,
          "attributes": {
            "access_logs": [
              {
                "bucket": "",
                "enabled": false,
                "prefix": ""
              }
            ],
            "arn": "arn:aws:elasticloadbalancing:us-west-2:777829610915:loadbalancer/net/k8s-the-hard-way-load-balancer/21c52982acc0cdb7",
            "arn_suffix": "net/k8s-the-hard-way-load-balancer/21c52982acc0cdb7",
            "customer_owned_ipv4_pool": "",
            "dns_name": "k8s-the-hard-way-load-balancer-21c52982acc0cdb7.elb.us-west-2.amazonaws.com",
            "drop_invalid_header_fields": null,
            "enable_cross_zone_load_balancing": false,
            "enable_deletion_protection": false,
            "enable_http2": null,
            "id": "arn:aws:elasticloadbalancing:us-west-2:777829610915:loadbalancer/net/k8s-the-hard-way-load-balancer/21c52982acc0cdb7",
            "idle_timeout": null,
            "internal": false,
            "ip_address_type": "ipv4",
            "load_balancer_type": "network",
            "name": "k8s-the-hard-way-load-balancer",
            "name_prefix": null,
            "security_groups": [],
            "subnet_mapping": [
              {
                "allocation_id": "eipalloc-0fad1fb9fca13e1b3",
                "outpost_id": "",
                "private_ipv4_address": "",
                "subnet_id": "subnet-0e98e4822c5458bbd"
              }
            ],
            "subnets": [
              "subnet-0e98e4822c5458bbd"
            ],
            "tags": {},
            "timeouts": null,
            "vpc_id": "vpc-0f78cf8de0095822c",
            "zone_id": "Z18D5FSROUN65G"
          },
          "private": "eyJlMmJmYjczMC1lY2FhLTExZTYtOGY4OC0zNDM2M2JjN2M0YzAiOnsiY3JlYXRlIjo2MDAwMDAwMDAwMDAsImRlbGV0ZSI6NjAwMDAwMDAwMDAwLCJ1cGRhdGUiOjYwMDAwMDAwMDAwMH19",
          "dependencies": [
            "module.k8s.aws_eip.k8s_external",
            "module.k8s.aws_subnet.k8s",
            "module.k8s.aws_vpc.k8s"
          ]
        }
      ]
    },
    {
      "module": "module.k8s",
      "mode": "managed",
      "type": "aws_lb_listener",
      "name": "k8s",
      "provider": "provider.aws",
      "instances": [
        {
          "schema_version": 0,
          "attributes": {
            "arn": "arn:aws:elasticloadbalancing:us-west-2:777829610915:listener/net/k8s-the-hard-way-load-balancer/21c52982acc0cdb7/9ff3a44ba944f1fb",
            "certificate_arn": null,
            "default_action": [
              {
                "authenticate_cognito": [],
                "authenticate_oidc": [],
                "fixed_response": [],
                "forward": [],
                "order": 1,
                "redirect": [],
                "target_group_arn": "arn:aws:elasticloadbalancing:us-west-2:777829610915:targetgroup/k8s-the-hard-way-lb-tgt-api-srv/7037b37454fd6c3d",
                "type": "forward"
              }
            ],
            "id": "arn:aws:elasticloadbalancing:us-west-2:777829610915:listener/net/k8s-the-hard-way-load-balancer/21c52982acc0cdb7/9ff3a44ba944f1fb",
            "load_balancer_arn": "arn:aws:elasticloadbalancing:us-west-2:777829610915:loadbalancer/net/k8s-the-hard-way-load-balancer/21c52982acc0cdb7",
            "port": 6443,
            "protocol": "TCP",
            "ssl_policy": "",
            "timeouts": null
          },
          "private": "eyJlMmJmYjczMC1lY2FhLTExZTYtOGY4OC0zNDM2M2JjN2M0YzAiOnsicmVhZCI6NjAwMDAwMDAwMDAwfX0=",
          "dependencies": [
            "module.k8s.aws_eip.k8s_external",
            "module.k8s.aws_lb.k8s",
            "module.k8s.aws_lb_target_group.k8s_api_server",
            "module.k8s.aws_subnet.k8s",
            "module.k8s.aws_vpc.k8s"
          ]
        }
      ]
    },
    {
      "module": "module.k8s",
      "mode": "managed",
      "type": "aws_lb_target_group",
      "name": "k8s_api_server",
      "provider": "provider.aws",
      "instances": [
        {
          "schema_version": 0,
          "attributes": {
            "arn": "arn:aws:elasticloadbalancing:us-west-2:777829610915:targetgroup/k8s-the-hard-way-lb-tgt-api-srv/7037b37454fd6c3d",
            "arn_suffix": "targetgroup/k8s-the-hard-way-lb-tgt-api-srv/7037b37454fd6c3d",
            "deregistration_delay": 300,
            "health_check": [
              {
                "enabled": true,
                "healthy_threshold": 3,
                "interval": 30,
                "matcher": "200-399",
                "path": "/healthz",
                "port": "80",
                "protocol": "HTTP",
                "timeout": 6,
                "unhealthy_threshold": 3
              }
            ],
            "id": "arn:aws:elasticloadbalancing:us-west-2:777829610915:targetgroup/k8s-the-hard-way-lb-tgt-api-srv/7037b37454fd6c3d",
            "lambda_multi_value_headers_enabled": false,
            "load_balancing_algorithm_type": null,
            "name": "k8s-the-hard-way-lb-tgt-api-srv",
            "name_prefix": null,
            "port": 6443,
            "protocol": "TCP",
            "proxy_protocol_v2": false,
            "slow_start": 0,
            "stickiness": [
              {
                "cookie_duration": 0,
                "enabled": false,
                "type": "source_ip"
              }
            ],
            "tags": {},
            "target_type": "instance",
            "vpc_id": "vpc-0f78cf8de0095822c"
          },
          "private": "bnVsbA==",
          "dependencies": [
            "module.k8s.aws_vpc.k8s"
          ]
        }
      ]
    },
    {
      "module": "module.k8s",
      "mode": "managed",
      "type": "aws_lb_target_group_attachment",
      "name": "k8s-controllers",
      "each": "list",
      "provider": "provider.aws",
      "instances": [
        {
          "index_key": 0,
          "schema_version": 0,
          "attributes": {
            "availability_zone": null,
            "id": "arn:aws:elasticloadbalancing:us-west-2:777829610915:targetgroup/k8s-the-hard-way-lb-tgt-api-srv/7037b37454fd6c3d-20210626223557816500000002",
            "port": null,
            "target_group_arn": "arn:aws:elasticloadbalancing:us-west-2:777829610915:targetgroup/k8s-the-hard-way-lb-tgt-api-srv/7037b37454fd6c3d",
            "target_id": "i-0721d1a23b1ffba01"
          },
          "private": "bnVsbA==",
          "dependencies": [
            "module.k8s.aws_instance.controller",
            "module.k8s.aws_lb_target_group.k8s_api_server",
            "module.k8s.aws_security_group.k8s",
            "module.k8s.aws_subnet.k8s",
            "module.k8s.aws_vpc.k8s",
            "module.key.aws_key_pair.k8s_user_provided_key"
          ]
        },
        {
          "index_key": 1,
          "schema_version": 0,
          "attributes": {
            "availability_zone": null,
            "id": "arn:aws:elasticloadbalancing:us-west-2:777829610915:targetgroup/k8s-the-hard-way-lb-tgt-api-srv/7037b37454fd6c3d-20210626223557788400000001",
            "port": null,
            "target_group_arn": "arn:aws:elasticloadbalancing:us-west-2:777829610915:targetgroup/k8s-the-hard-way-lb-tgt-api-srv/7037b37454fd6c3d",
            "target_id": "i-048d579dcd63162fe"
          },
          "private": "bnVsbA==",
          "dependencies": [
            "module.k8s.aws_instance.controller",
            "module.k8s.aws_lb_target_group.k8s_api_server",
            "module.k8s.aws_security_group.k8s",
            "module.k8s.aws_subnet.k8s",
            "module.k8s.aws_vpc.k8s",
            "module.key.aws_key_pair.k8s_user_provided_key"
          ]
        },
        {
          "index_key": 2,
          "schema_version": 0,
          "attributes": {
            "availability_zone": null,
            "id": "arn:aws:elasticloadbalancing:us-west-2:777829610915:targetgroup/k8s-the-hard-way-lb-tgt-api-srv/7037b37454fd6c3d-20210626223557980600000003",
            "port": null,
            "target_group_arn": "arn:aws:elasticloadbalancing:us-west-2:777829610915:targetgroup/k8s-the-hard-way-lb-tgt-api-srv/7037b37454fd6c3d",
            "target_id": "i-0a0d8947efce88c2c"
          },
          "private": "bnVsbA==",
          "dependencies": [
            "module.k8s.aws_instance.controller",
            "module.k8s.aws_lb_target_group.k8s_api_server",
            "module.k8s.aws_security_group.k8s",
            "module.k8s.aws_subnet.k8s",
            "module.k8s.aws_vpc.k8s",
            "module.key.aws_key_pair.k8s_user_provided_key"
          ]
        }
      ]
    },
    {
      "module": "module.k8s",
      "mode": "managed",
      "type": "aws_route",
      "name": "pod_cidr",
      "each": "list",
      "provider": "provider.aws",
      "instances": [
        {
          "index_key": 0,
          "schema_version": 0,
          "attributes": {
            "destination_cidr_block": "10.200.0.0/24",
            "destination_ipv6_cidr_block": "",
            "destination_prefix_list_id": "",
            "egress_only_gateway_id": "",
            "gateway_id": "",
            "id": "r-rtb-0ee7f0d68cf0dfcce945138918",
            "instance_id": "i-0fc515d54ccb75990",
            "instance_owner_id": "777829610915",
            "local_gateway_id": "",
            "nat_gateway_id": "",
            "network_interface_id": "eni-0fc27ba820c96ee50",
            "origin": "CreateRoute",
            "route_table_id": "rtb-0ee7f0d68cf0dfcce",
            "state": "active",
            "timeouts": null,
            "transit_gateway_id": "",
            "vpc_peering_connection_id": ""
          },
          "private": "eyJlMmJmYjczMC1lY2FhLTExZTYtOGY4OC0zNDM2M2JjN2M0YzAiOnsiY3JlYXRlIjoxMjAwMDAwMDAwMDAsImRlbGV0ZSI6MzAwMDAwMDAwMDAwfX0=",
          "dependencies": [
            "module.k8s.aws_instance.worker",
            "module.k8s.aws_route_table.k8s"
          ]
        },
        {
          "index_key": 1,
          "schema_version": 0,
          "attributes": {
            "destination_cidr_block": "10.200.1.0/24",
            "destination_ipv6_cidr_block": "",
            "destination_prefix_list_id": "",
            "egress_only_gateway_id": "",
            "gateway_id": "",
            "id": "r-rtb-0ee7f0d68cf0dfcce4077485891",
            "instance_id": "i-05d01fc17c977af27",
            "instance_owner_id": "777829610915",
            "local_gateway_id": "",
            "nat_gateway_id": "",
            "network_interface_id": "eni-0c828a6acb95703ff",
            "origin": "CreateRoute",
            "route_table_id": "rtb-0ee7f0d68cf0dfcce",
            "state": "active",
            "timeouts": null,
            "transit_gateway_id": "",
            "vpc_peering_connection_id": ""
          },
          "private": "eyJlMmJmYjczMC1lY2FhLTExZTYtOGY4OC0zNDM2M2JjN2M0YzAiOnsiY3JlYXRlIjoxMjAwMDAwMDAwMDAsImRlbGV0ZSI6MzAwMDAwMDAwMDAwfX0=",
          "dependencies": [
            "module.k8s.aws_instance.worker",
            "module.k8s.aws_route_table.k8s"
          ]
        },
        {
          "index_key": 2,
          "schema_version": 0,
          "attributes": {
            "destination_cidr_block": "10.200.2.0/24",
            "destination_ipv6_cidr_block": "",
            "destination_prefix_list_id": "",
            "egress_only_gateway_id": "",
            "gateway_id": "",
            "id": "r-rtb-0ee7f0d68cf0dfcce1973226989",
            "instance_id": "i-0eb28e753eacc0b25",
            "instance_owner_id": "777829610915",
            "local_gateway_id": "",
            "nat_gateway_id": "",
            "network_interface_id": "eni-0f7de30f6a2c13f2f",
            "origin": "CreateRoute",
            "route_table_id": "rtb-0ee7f0d68cf0dfcce",
            "state": "active",
            "timeouts": null,
            "transit_gateway_id": "",
            "vpc_peering_connection_id": ""
          },
          "private": "eyJlMmJmYjczMC1lY2FhLTExZTYtOGY4OC0zNDM2M2JjN2M0YzAiOnsiY3JlYXRlIjoxMjAwMDAwMDAwMDAsImRlbGV0ZSI6MzAwMDAwMDAwMDAwfX0=",
          "dependencies": [
            "module.k8s.aws_instance.worker",
            "module.k8s.aws_route_table.k8s"
          ]
        }
      ]
    },
    {
      "module": "module.k8s",
      "mode": "managed",
      "type": "aws_route_table",
      "name": "k8s",
      "provider": "provider.aws",
      "instances": [
        {
          "schema_version": 0,
          "attributes": {
            "id": "rtb-0ee7f0d68cf0dfcce",
            "owner_id": "777829610915",
            "propagating_vgws": [],
            "route": [
              {
                "cidr_block": "0.0.0.0/0",
                "egress_only_gateway_id": "",
                "gateway_id": "igw-0c851e300c9cb792a",
                "instance_id": "",
                "ipv6_cidr_block": "",
                "local_gateway_id": "",
                "nat_gateway_id": "",
                "network_interface_id": "",
                "transit_gateway_id": "",
                "vpc_peering_connection_id": ""
              },
              {
                "cidr_block": "10.200.0.0/24",
                "egress_only_gateway_id": "",
                "gateway_id": "",
                "instance_id": "i-0fc515d54ccb75990",
                "ipv6_cidr_block": "",
                "local_gateway_id": "",
                "nat_gateway_id": "",
                "network_interface_id": "eni-0fc27ba820c96ee50",
                "transit_gateway_id": "",
                "vpc_peering_connection_id": ""
              },
              {
                "cidr_block": "10.200.1.0/24",
                "egress_only_gateway_id": "",
                "gateway_id": "",
                "instance_id": "i-05d01fc17c977af27",
                "ipv6_cidr_block": "",
                "local_gateway_id": "",
                "nat_gateway_id": "",
                "network_interface_id": "eni-0c828a6acb95703ff",
                "transit_gateway_id": "",
                "vpc_peering_connection_id": ""
              },
              {
                "cidr_block": "10.200.2.0/24",
                "egress_only_gateway_id": "",
                "gateway_id": "",
                "instance_id": "i-0eb28e753eacc0b25",
                "ipv6_cidr_block": "",
                "local_gateway_id": "",
                "nat_gateway_id": "",
                "network_interface_id": "eni-0f7de30f6a2c13f2f",
                "transit_gateway_id": "",
                "vpc_peering_connection_id": ""
              }
            ],
            "tags": {
              "Name": "K8s Basic VPC Route Table"
            },
            "vpc_id": "vpc-0f78cf8de0095822c"
          },
          "private": "bnVsbA==",
          "dependencies": [
            "module.k8s.aws_internet_gateway.k8s",
            "module.k8s.aws_vpc.k8s"
          ]
        }
      ]
    },
    {
      "module": "module.k8s",
      "mode": "managed",
      "type": "aws_route_table_association",
      "name": "k8s",
      "provider": "provider.aws",
      "instances": [
        {
          "schema_version": 0,
          "attributes": {
            "gateway_id": null,
            "id": "rtbassoc-071932de5eafec8f3",
            "route_table_id": "rtb-0ee7f0d68cf0dfcce",
            "subnet_id": "subnet-0e98e4822c5458bbd"
          },
          "private": "bnVsbA==",
          "dependencies": [
            "module.k8s.aws_internet_gateway.k8s",
            "module.k8s.aws_route_table.k8s",
            "module.k8s.aws_subnet.k8s",
            "module.k8s.aws_vpc.k8s"
          ]
        }
      ]
    },
    {
      "module": "module.k8s",
      "mode": "managed",
      "type": "aws_security_group",
      "name": "k8s",
      "provider": "provider.aws",
      "instances": [
        {
          "schema_version": 1,
          "attributes": {
            "arn": "arn:aws:ec2:us-west-2:777829610915:security-group/sg-02bac5f13eb2da639",
            "description": "Single security group for all K8s The Hard Way needs - for now...",
            "egress": [
              {
                "cidr_blocks": [
                  "0.0.0.0/0"
                ],
                "description": "",
                "from_port": 0,
                "ipv6_cidr_blocks": [],
                "prefix_list_ids": [],
                "protocol": "-1",
                "security_groups": [],
                "self": false,
                "to_port": 0
              }
            ],
            "id": "sg-02bac5f13eb2da639",
            "ingress": [
              {
                "cidr_blocks": [
                  "10.240.0.0/24"
                ],
                "description": "",
                "from_port": 0,
                "ipv6_cidr_blocks": [],
                "prefix_list_ids": [],
                "protocol": "-1",
                "security_groups": [],
                "self": false,
                "to_port": 0
              },
              {
                "cidr_blocks": [
                  "73.78.216.54/32"
                ],
                "description": "",
                "from_port": 0,
                "ipv6_cidr_blocks": [],
                "prefix_list_ids": [],
                "protocol": "-1",
                "security_groups": [],
                "self": false,
                "to_port": 0
              }
            ],
            "name": "k8s",
            "name_prefix": "",
            "owner_id": "777829610915",
            "revoke_rules_on_delete": false,
            "tags": {},
            "timeouts": null,
            "vpc_id": "vpc-0f78cf8de0095822c"
          },
          "private": "eyJlMmJmYjczMC1lY2FhLTExZTYtOGY4OC0zNDM2M2JjN2M0YzAiOnsiY3JlYXRlIjo2MDAwMDAwMDAwMDAsImRlbGV0ZSI6NjAwMDAwMDAwMDAwfSwic2NoZW1hX3ZlcnNpb24iOiIxIn0=",
          "dependencies": [
            "module.k8s.aws_subnet.k8s",
            "module.k8s.aws_vpc.k8s"
          ]
        }
      ]
    },
    {
      "module": "module.k8s",
      "mode": "managed",
      "type": "aws_subnet",
      "name": "k8s",
      "provider": "provider.aws",
      "instances": [
        {
          "schema_version": 1,
          "attributes": {
            "arn": "arn:aws:ec2:us-west-2:777829610915:subnet/subnet-0e98e4822c5458bbd",
            "assign_ipv6_address_on_creation": false,
            "availability_zone": "us-west-2b",
            "availability_zone_id": "usw2-az2",
            "cidr_block": "10.240.0.0/24",
            "id": "subnet-0e98e4822c5458bbd",
            "ipv6_cidr_block": "",
            "ipv6_cidr_block_association_id": "",
            "map_public_ip_on_launch": false,
            "outpost_arn": "",
            "owner_id": "777829610915",
            "tags": {
              "Name": "k8s"
            },
            "timeouts": null,
            "vpc_id": "vpc-0f78cf8de0095822c"
          },
          "private": "eyJlMmJmYjczMC1lY2FhLTExZTYtOGY4OC0zNDM2M2JjN2M0YzAiOnsiY3JlYXRlIjo2MDAwMDAwMDAwMDAsImRlbGV0ZSI6MTIwMDAwMDAwMDAwMH0sInNjaGVtYV92ZXJzaW9uIjoiMSJ9",
          "dependencies": [
            "module.k8s.aws_vpc.k8s"
          ]
        }
      ]
    },
    {
      "module": "module.k8s",
      "mode": "managed",
      "type": "aws_vpc",
      "name": "k8s",
      "provider": "provider.aws",
      "instances": [
        {
          "schema_version": 1,
          "attributes": {
            "arn": "arn:aws:ec2:us-west-2:777829610915:vpc/vpc-0f78cf8de0095822c",
            "assign_generated_ipv6_cidr_block": false,
            "cidr_block": "10.240.0.0/24",
            "default_network_acl_id": "acl-0cc3092ea8611b28a",
            "default_route_table_id": "rtb-012851aff0b35ce0d",
            "default_security_group_id": "sg-0dbf58ac905309efe",
            "dhcp_options_id": "dopt-e60db983",
            "enable_classiclink": false,
            "enable_classiclink_dns_support": false,
            "enable_dns_hostnames": true,
            "enable_dns_support": true,
            "id": "vpc-0f78cf8de0095822c",
            "instance_tenancy": "default",
            "ipv6_association_id": "",
            "ipv6_cidr_block": "",
            "main_route_table_id": "rtb-012851aff0b35ce0d",
            "owner_id": "777829610915",
            "tags": {}
          },
          "private": "eyJzY2hlbWFfdmVyc2lvbiI6IjEifQ=="
        }
      ]
    },
    {
      "module": "module.k8s",
      "mode": "managed",
      "type": "local_file",
      "name": "ansible_hosts",
      "provider": "provider.local",
      "instances": [
        {
          "schema_version": 0,
          "attributes": {
            "content": "# Autogenerated by Terraform\n[workers]\nworker-0 ansible_host=54.245.9.181 ansible_user=ubuntu public_ip=54.245.9.181 internal_ip=10.240.0.20 pod_cidr=\"10.200.0.0/24\"\nworker-1 ansible_host=54.71.199.94 ansible_user=ubuntu public_ip=54.71.199.94 internal_ip=10.240.0.21 pod_cidr=\"10.200.1.0/24\"\nworker-2 ansible_host=52.12.110.138 ansible_user=ubuntu public_ip=52.12.110.138 internal_ip=10.240.0.22 pod_cidr=\"10.200.2.0/24\"\n\n[controllers]\ncontroller-0 ansible_host=52.11.32.11 ansible_user=ubuntu public_ip=52.11.32.11 internal_ip=10.240.0.10\ncontroller-1 ansible_host=34.222.112.229 ansible_user=ubuntu public_ip=34.222.112.229 internal_ip=10.240.0.11\ncontroller-2 ansible_host=54.202.30.166 ansible_user=ubuntu public_ip=54.202.30.166 internal_ip=10.240.0.12\n",
            "content_base64": null,
            "directory_permission": "0755",
            "file_permission": "0644",
            "filename": "k8s/../../ansible/hosts",
            "id": "a5c444067ddf12f81965c09813d426a9c29fbc80",
            "sensitive_content": null,
            "source": null
          },
          "private": "bnVsbA==",
          "dependencies": [
            "module.k8s.aws_instance.controller",
            "module.k8s.aws_instance.worker"
          ]
        }
      ]
    },
    {
      "module": "module.k8s",
      "mode": "managed",
      "type": "local_file",
      "name": "kubernetes_public_address",
      "provider": "provider.local",
      "instances": [
        {
          "schema_version": 0,
          "attributes": {
            "content": "# Autogenerated by Terraform\nkubernetes_address_public: \"35.82.149.166\"\nkubernetes_address_private: \"10.240.0.151\"\n\n",
            "content_base64": null,
            "directory_permission": "0755",
            "file_permission": "0644",
            "filename": "k8s/../../ansible/group_vars/all/kubernetes_public_address.yml",
            "id": "4c2b43e354439539e0f18da9b11c4604cf8cb938",
            "sensitive_content": null,
            "source": null
          },
          "private": "bnVsbA==",
          "dependencies": [
            "module.k8s.aws_eip.k8s_external",
            "module.k8s.aws_lb.k8s"
          ]
        }
      ]
    }
  ]
}
